
Microsoft Visual Studio Solution File, Format Version 12.00
# Visual Studio Version 17
VisualStudioVersion = 17.14.36121.58 d17.14
MinimumVisualStudioVersion = 10.0.40219.1
Project("{FAE04EC0-301F-11D3-BF4B-00C04F79EFBC}") = "ProductService.Domain", "ProductService.Domain\ProductService.Domain.csproj", "{09ACF857-E7C2-4432-91DA-45196B63D82B}"
EndProject
Project("{FAE04EC0-301F-11D3-BF4B-00C04F79EFBC}") = "ProductService.Application", "ProductService.Application\ProductService.Application.csproj", "{A75C5111-8BA4-49DB-987C-02C68A6C62D4}"
EndProject
Project("{FAE04EC0-301F-11D3-BF4B-00C04F79EFBC}") = "ProductService.Infrastructure", "ProductService.Infrastructure\ProductService.Infrastructure.csproj", "{C0F55EF7-9CD4-4D2D-B7F4-557A7564D4FB}"
EndProject
Project("{FAE04EC0-301F-11D3-BF4B-00C04F79EFBC}") = "ProductService.WebApi", "ProductService.WebApi\ProductService.WebApi.csproj", "{FF502C39-0453-4596-BF79-39734DD48677}"
EndProject
Global
	GlobalSection(SolutionConfigurationPlatforms) = preSolution
		Debug|Any CPU = Debug|Any CPU
		Release|Any CPU = Release|Any CPU
	EndGlobalSection
	GlobalSection(ProjectConfigurationPlatforms) = postSolution
		{09ACF857-E7C2-4432-91DA-45196B63D82B}.Debug|Any CPU.ActiveCfg = Debug|Any CPU
		{09ACF857-E7C2-4432-91DA-45196B63D82B}.Debug|Any CPU.Build.0 = Debug|Any CPU
		{09ACF857-E7C2-4432-91DA-45196B63D82B}.Release|Any CPU.ActiveCfg = Release|Any CPU
		{09ACF857-E7C2-4432-91DA-45196B63D82B}.Release|Any CPU.Build.0 = Release|Any CPU
		{A75C5111-8BA4-49DB-987C-02C68A6C62D4}.Debug|Any CPU.ActiveCfg = Debug|Any CPU
		{A75C5111-8BA4-49DB-987C-02C68A6C62D4}.Debug|Any CPU.Build.0 = Debug|Any CPU
		{A75C5111-8BA4-49DB-987C-02C68A6C62D4}.Release|Any CPU.ActiveCfg = Release|Any CPU
		{A75C5111-8BA4-49DB-987C-02C68A6C62D4}.Release|Any CPU.Build.0 = Release|Any CPU
		{C0F55EF7-9CD4-4D2D-B7F4-557A7564D4FB}.Debug|Any CPU.ActiveCfg = Debug|Any CPU
		{C0F55EF7-9CD4-4D2D-B7F4-557A7564D4FB}.Debug|Any CPU.Build.0 = Debug|Any CPU
		{C0F55EF7-9CD4-4D2D-B7F4-557A7564D4FB}.Release|Any CPU.ActiveCfg = Release|Any CPU
		{C0F55EF7-9CD4-4D2D-B7F4-557A7564D4FB}.Release|Any CPU.Build.0 = Release|Any CPU
		{FF502C39-0453-4596-BF79-39734DD48677}.Debug|Any CPU.ActiveCfg = Debug|Any CPU
		{FF502C39-0453-4596-BF79-39734DD48677}.Debug|Any CPU.Build.0 = Debug|Any CPU
		{FF502C39-0453-4596-BF79-39734DD48677}.Release|Any CPU.ActiveCfg = Release|Any CPU
		{FF502C39-0453-4596-BF79-39734DD48677}.Release|Any CPU.Build.0 = Release|Any CPU
	EndGlobalSection
	GlobalSection(SolutionProperties) = preSolution
		HideSolutionNode = FALSE
	EndGlobalSection
	GlobalSection(ExtensibilityGlobals) = postSolution
		SolutionGuid = {324E69CB-A915-4085-9F99-0756DDFD35D6}
	EndGlobalSection
EndGlobal
